// !$*UTF8*$!
{
	archiveVersion = 1;
	classes = {
	};
	objectVersion = 46;
	objects = {

/* Begin PBXBuildFile section */
		D717E20A1C603F9500B8901C /* MapKit.framework in Frameworks */ = {isa = PBXBuildFile; fileRef = D717E2091C603F9500B8901C /* MapKit.framework */; };
		D717E20E1C6041E900B8901C /* LayoutGuide.swift in Sources */ = {isa = PBXBuildFile; fileRef = D717E20D1C6041E900B8901C /* LayoutGuide.swift */; };
		D7763FFA1CD7FBEF00572FDB /* CustomToolbarMapViewController.swift in Sources */ = {isa = PBXBuildFile; fileRef = D7763FF71CD7FBEF00572FDB /* CustomToolbarMapViewController.swift */; };
		D7763FFB1CD7FBEF00572FDB /* MapViewController.swift in Sources */ = {isa = PBXBuildFile; fileRef = D7763FF81CD7FBEF00572FDB /* MapViewController.swift */; };
		D7763FFC1CD7FBEF00572FDB /* ViewController.swift in Sources */ = {isa = PBXBuildFile; fileRef = D7763FF91CD7FBEF00572FDB /* ViewController.swift */; };
		D788CF8A1C60393D00D7DB4F /* AppDelegate.swift in Sources */ = {isa = PBXBuildFile; fileRef = D788CF891C60393D00D7DB4F /* AppDelegate.swift */; };
		D788CF8F1C60393D00D7DB4F /* Main.storyboard in Resources */ = {isa = PBXBuildFile; fileRef = D788CF8D1C60393D00D7DB4F /* Main.storyboard */; };
		D788CF911C60393D00D7DB4F /* Assets.xcassets in Resources */ = {isa = PBXBuildFile; fileRef = D788CF901C60393D00D7DB4F /* Assets.xcassets */; };
		D788CF941C60393D00D7DB4F /* LaunchScreen.storyboard in Resources */ = {isa = PBXBuildFile; fileRef = D788CF921C60393D00D7DB4F /* LaunchScreen.storyboard */; };
/* End PBXBuildFile section */

/* Begin PBXFileReference section */
		D717E2091C603F9500B8901C /* MapKit.framework */ = {isa = PBXFileReference; lastKnownFileType = wrapper.framework; name = MapKit.framework; path = System/Library/Frameworks/MapKit.framework; sourceTree = SDKROOT; };
		D717E20D1C6041E900B8901C /* LayoutGuide.swift */ = {isa = PBXFileReference; fileEncoding = 4; lastKnownFileType = sourcecode.swift; path = LayoutGuide.swift; sourceTree = "<group>"; };
		D7763FF71CD7FBEF00572FDB /* CustomToolbarMapViewController.swift */ = {isa = PBXFileReference; fileEncoding = 4; lastKnownFileType = sourcecode.swift; path = CustomToolbarMapViewController.swift; sourceTree = "<group>"; };
		D7763FF81CD7FBEF00572FDB /* MapViewController.swift */ = {isa = PBXFileReference; fileEncoding = 4; lastKnownFileType = sourcecode.swift; path = MapViewController.swift; sourceTree = "<group>"; };
		D7763FF91CD7FBEF00572FDB /* ViewController.swift */ = {isa = PBXFileReference; fileEncoding = 4; lastKnownFileType = sourcecode.swift; path = ViewController.swift; sourceTree = "<group>"; };
		D788CF861C60393D00D7DB4F /* MapViewSubviewPlacement.app */ = {isa = PBXFileReference; explicitFileType = wrapper.application; includeInIndex = 0; path = MapViewSubviewPlacement.app; sourceTree = BUILT_PRODUCTS_DIR; };
		D788CF891C60393D00D7DB4F /* AppDelegate.swift */ = {isa = PBXFileReference; lastKnownFileType = sourcecode.swift; path = AppDelegate.swift; sourceTree = "<group>"; };
		D788CF8E1C60393D00D7DB4F /* Base */ = {isa = PBXFileReference; lastKnownFileType = file.storyboard; name = Base; path = Base.lproj/Main.storyboard; sourceTree = "<group>"; };
		D788CF901C60393D00D7DB4F /* Assets.xcassets */ = {isa = PBXFileReference; lastKnownFileType = folder.assetcatalog; path = Assets.xcassets; sourceTree = "<group>"; };
		D788CF931C60393D00D7DB4F /* Base */ = {isa = PBXFileReference; lastKnownFileType = file.storyboard; name = Base; path = Base.lproj/LaunchScreen.storyboard; sourceTree = "<group>"; };
		D788CF951C60393D00D7DB4F /* Info.plist */ = {isa = PBXFileReference; lastKnownFileType = text.plist.xml; path = Info.plist; sourceTree = "<group>"; };
/* End PBXFileReference section */

/* Begin PBXFrameworksBuildPhase section */
		D788CF831C60393D00D7DB4F /* Frameworks */ = {
			isa = PBXFrameworksBuildPhase;
			buildActionMask = 2147483647;
			files = (
				D717E20A1C603F9500B8901C /* MapKit.framework in Frameworks */,
			);
			runOnlyForDeploymentPostprocessing = 0;
		};
/* End PBXFrameworksBuildPhase section */

/* Begin PBXGroup section */
		D788CF7D1C60393D00D7DB4F = {
			isa = PBXGroup;
			children = (
				D788CF881C60393D00D7DB4F /* MapViewSubviewPlacement */,
				D788CF871C60393D00D7DB4F /* Products */,
			);
			sourceTree = "<group>";
		};
		D788CF871C60393D00D7DB4F /* Products */ = {
			isa = PBXGroup;
			children = (
				D788CF861C60393D00D7DB4F /* MapViewSubviewPlacement.app */,
			);
			name = Products;
			sourceTree = "<group>";
		};
		D788CF881C60393D00D7DB4F /* MapViewSubviewPlacement */ = {
			isa = PBXGroup;
			children = (
				D788CF8D1C60393D00D7DB4F /* Main.storyboard */,
				D7763FF91CD7FBEF00572FDB /* ViewController.swift */,
				D7763FF81CD7FBEF00572FDB /* MapViewController.swift */,
				D7763FF71CD7FBEF00572FDB /* CustomToolbarMapViewController.swift */,
				D717E20D1C6041E900B8901C /* LayoutGuide.swift */,
				D788CF891C60393D00D7DB4F /* AppDelegate.swift */,
				D788CF901C60393D00D7DB4F /* Assets.xcassets */,
				D788CF921C60393D00D7DB4F /* LaunchScreen.storyboard */,
				D788CF951C60393D00D7DB4F /* Info.plist */,
				D717E2091C603F9500B8901C /* MapKit.framework */,
			);
			path = MapViewSubviewPlacement;
			sourceTree = "<group>";
		};
/* End PBXGroup section */

/* Begin PBXNativeTarget section */
		D788CF851C60393D00D7DB4F /* MapViewSubviewPlacement */ = {
			isa = PBXNativeTarget;
			buildConfigurationList = D788CF981C60393D00D7DB4F /* Build configuration list for PBXNativeTarget "MapViewSubviewPlacement" */;
			buildPhases = (
				D788CF821C60393D00D7DB4F /* Sources */,
				D788CF831C60393D00D7DB4F /* Frameworks */,
				D788CF841C60393D00D7DB4F /* Resources */,
			);
			buildRules = (
			);
			dependencies = (
			);
			name = MapViewSubviewPlacement;
			productName = MapViewSubviewPlacement;
			productReference = D788CF861C60393D00D7DB4F /* MapViewSubviewPlacement.app */;
			productType = "com.apple.product-type.application";
		};
/* End PBXNativeTarget section */

/* Begin PBXProject section */
		D788CF7E1C60393D00D7DB4F /* Project object */ = {
			isa = PBXProject;
			attributes = {
				LastSwiftUpdateCheck = 0720;
				LastUpgradeCheck = 0720;
				ORGANIZATIONNAME = "The Dutch Republic";
				TargetAttributes = {
					D788CF851C60393D00D7DB4F = {
						CreatedOnToolsVersion = 7.2;
					};
				};
			};
			buildConfigurationList = D788CF811C60393D00D7DB4F /* Build configuration list for PBXProject "MapViewSubviewPlacement" */;
			compatibilityVersion = "Xcode 3.2";
			developmentRegion = English;
			hasScannedForEncodings = 0;
			knownRegions = (
				en,
				Base,
			);
			mainGroup = D788CF7D1C60393D00D7DB4F;
			productRefGroup = D788CF871C60393D00D7DB4F /* Products */;
			projectDirPath = "";
			projectRoot = "";
			targets = (
				D788CF851C60393D00D7DB4F /* MapViewSubviewPlacement */,
			);
		};
/* End PBXProject section */

/* Begin PBXResourcesBuildPhase section */
		D788CF841C60393D00D7DB4F /* Resources */ = {
			isa = PBXResourcesBuildPhase;
			buildActionMask = 2147483647;
			files = (
				D788CF941C60393D00D7DB4F /* LaunchScreen.storyboard in Resources */,
				D788CF911C60393D00D7DB4F /* Assets.xcassets in Resources */,
				D788CF8F1C60393D00D7DB4F /* Main.storyboard in Resources */,
			);
			runOnlyForDeploymentPostprocessing = 0;
		};
/* End PBXResourcesBuildPhase section */

/* Begin PBXSourcesBuildPhase section */
		D788CF821C60393D00D7DB4F /* Sources */ = {
			isa = PBXSourcesBuildPhase;
			buildActionMask = 2147483647;
			files = (
				D717E20E1C6041E900B8901C /* LayoutGuide.swift in Sources */,
				D7763FFA1CD7FBEF00572FDB /* CustomToolbarMapViewController.swift in Sources */,
				D788CF8A1C60393D00D7DB4F /* AppDelegate.swift in Sources */,
				D7763FFC1CD7FBEF00572FDB /* ViewController.swift in Sources */,
				D7763FFB1CD7FBEF00572FDB /* MapViewController.swift in Sources */,
			);
			runOnlyForDeploymentPostprocessing = 0;
		};
/* End PBXSourcesBuildPhase section */

/* Begin PBXVariantGroup section */
		D788CF8D1C60393D00D7DB4F /* Main.storyboard */ = {
			isa = PBXVariantGroup;
			children = (
				D788CF8E1C60393D00D7DB4F /* Base */,
			);
			name = Main.storyboard;
			sourceTree = "<group>";
		};
		D788CF921C60393D00D7DB4F /* LaunchScreen.storyboard */ = {
			isa = PBXVariantGroup;
			children = (
				D788CF931C60393D00D7DB4F /* Base */,
			);
			name = LaunchScreen.storyboard;
			sourceTree = "<group>";
		};
/* End PBXVariantGroup section */

/* Begin XCBuildConfiguration section */
		D788CF961C60393D00D7DB4F /* Debug */ = {
			isa = XCBuildConfiguration;
			buildSettings = {
				ALWAYS_SEARCH_USER_PATHS = NO;
				CLANG_CXX_LANGUAGE_STANDARD = "gnu++0x";
				CLANG_CXX_LIBRARY = "libc++";
				CLANG_ENABLE_MODULES = YES;
				CLANG_ENABLE_OBJC_ARC = YES;
				CLANG_WARN_BOOL_CONVERSION = YES;
				CLANG_WARN_CONSTANT_CONVERSION = YES;
				CLANG_WARN_DIRECT_OBJC_ISA_USAGE = YES_ERROR;
				CLANG_WARN_EMPTY_BODY = YES;
				CLANG_WARN_ENUM_CONVERSION = YES;
				CLANG_WARN_INT_CONVERSION = YES;
				CLANG_WARN_OBJC_ROOT_CLASS = YES_ERROR;
				CLANG_WARN_UNREACHABLE_CODE = YES;
				CLANG_WARN__DUPLICATE_METHOD_MATCH = YES;
				"CODE_SIGN_IDENTITY[sdk=iphoneos*]" = "iPhone Developer";
				COPY_PHASE_STRIP = NO;
				DEBUG_INFORMATION_FORMAT = dwarf;
				ENABLE_STRICT_OBJC_MSGSEND = YES;
				ENABLE_TESTABILITY = YES;
				GCC_C_LANGUAGE_STANDARD = gnu99;
				GCC_DYNAMIC_NO_PIC = NO;
				GCC_NO_COMMON_BLOCKS = YES;
				GCC_OPTIMIZATION_LEVEL = 0;
				GCC_PREPROCESSOR_DEFINITIONS = (
					"DEBUG=1",
					"$(inherited)",
				);
				GCC_WARN_64_TO_32_BIT_CONVERSION = YES;
				GCC_WARN_ABOUT_RETURN_TYPE = YES_ERROR;
				GCC_WARN_UNDECLARED_SELECTOR = YES;
				GCC_WARN_UNINITIALIZED_AUTOS = YES_AGGRESSIVE;
				GCC_WARN_UNUSED_FUNCTION = YES;
				GCC_WARN_UNUSED_VARIABLE = YES;
				IPHONEOS_DEPLOYMENT_TARGET = 9.2;
				MTL_ENABLE_DEBUG_INFO = YES;
				ONLY_ACTIVE_ARCH = YES;
				SDKROOT = iphoneos;
				SWIFT_OPTIMIZATION_LEVEL = "-Onone";
				TARGETED_DEVICE_FAMILY = "1,2";
			};
			name = Debug;
		};
		D788CF971C60393D00D7DB4F /* Release */ = {
			isa = XCBuildConfiguration;
			buildSettings = {
				ALWAYS_SEARCH_USER_PATHS = NO;
				CLANG_CXX_LANGUAGE_STANDARD = "gnu++0x";
				CLANG_CXX_LIBRARY = "libc++";
				CLANG_ENABLE_MODULES = YES;
				CLANG_ENABLE_OBJC_ARC = YES;
				CLANG_WARN_BOOL_CONVERSION = YES;
				CLANG_WARN_CONSTANT_CONVERSION = YES;
				CLANG_WARN_DIRECT_OBJC_ISA_USAGE = YES_ERROR;
				CLANG_WARN_EMPTY_BODY = YES;
				CLANG_WARN_ENUM_CONVERSION = YES;
				CLANG_WARN_INT_CONVERSION = YES;
				CLANG_WARN_OBJC_ROOT_CLASS = YES_ERROR;
				CLANG_WARN_UNREACHABLE_CODE = YES;
				CLANG_WARN__DUPLICATE_METHOD_MATCH = YES;
				"CODE_SIGN_IDENTITY[sdk=iphoneos*]" = "iPhone Developer";
				COPY_PHASE_STRIP = NO;
				DEBUG_INFORMATION_FORMAT = "dwarf-with-dsym";
				ENABLE_NS_ASSERTIONS = NO;
				ENABLE_STRICT_OBJC_MSGSEND = YES;
				GCC_C_LANGUAGE_STANDARD = gnu99;
				GCC_NO_COMMON_BLOCKS = YES;
				GCC_WARN_64_TO_32_BIT_CONVERSION = YES;
				GCC_WARN_ABOUT_RETURN_TYPE = YES_ERROR;
				GCC_WARN_UNDECLARED_SELECTOR = YES;
				GCC_WARN_UNINITIALIZED_AUTOS = YES_AGGRESSIVE;
				GCC_WARN_UNUSED_FUNCTION = YES;
				GCC_WARN_UNUSED_VARIABLE = YES;
				IPHONEOS_DEPLOYMENT_TARGET = 9.2;
				MTL_ENABLE_DEBUG_INFO = NO;
				SDKROOT = iphoneos;
				TARGETED_DEVICE_FAMILY = "1,2";
				VALIDATE_PRODUCT = YES;
			};
			name = Release;
		};
		D788CF991C60393D00D7DB4F /* Debug */ = {
			isa = XCBuildConfiguration;
			buildSettings = {
				ASSETCATALOG_COMPILER_APPICON_NAME = AppIcon;
				INFOPLIST_FILE = MapViewSubviewPlacement/Info.plist;
				LD_RUNPATH_SEARCH_PATHS = "$(inherited) @executable_path/Frameworks";
				PRODUCT_BUNDLE_IDENTIFIER = com.thedutchrepublic.MapViewSubviewPlacement;
				PRODUCT_NAME = "$(TARGET_NAME)";
			};
			name = Debug;
		};
		D788CF9A1C60393D00D7DB4F /* Release */ = {
			isa = XCBuildConfiguration;
			buildSettings = {
				ASSETCATALOG_COMPILER_APPICON_NAME = AppIcon;
				INFOPLIST_FILE = MapViewSubviewPlacement/Info.plist;
				LD_RUNPATH_SEARCH_PATHS = "$(inherited) @executable_path/Frameworks";
				PRODUCT_BUNDLE_IDENTIFIER = com.thedutchrepublic.MapViewSubviewPlacement;
				PRODUCT_NAME = "$(TARGET_NAME)";
			};
			name = Release;
		};
/* End XCBuildConfiguration section */

/* Begin XCConfigurationList section */
		D788CF811C60393D00D7DB4F /* Build configuration list for PBXProject "MapViewSubviewPlacement" */ = {
			isa = XCConfigurationList;
			buildConfigurations = (
				D788CF961C60393D00D7DB4F /* Debug */,
				D788CF971C60393D00D7DB4F /* Release */,
			);
			defaultConfigurationIsVisible = 0;
			defaultConfigurationName = Release;
		};
		D788CF981C60393D00D7DB4F /* Build configuration list for PBXNativeTarget "MapViewSubviewPlacement" */ = {
			isa = XCConfigurationList;
			buildConfigurations = (
				D788CF991C60393D00D7DB4F /* Debug */,
				D788CF9A1C60393D00D7DB4F /* Release */,
			);
			defaultConfigurationIsVisible = 0;
			defaultConfigurationName = Release;
		};
/* End XCConfigurationList section */
	};
	rootObject = D788CF7E1C60393D00D7DB4F /* Project object */;
}
